
Microsoft Visual Studio Solution File, Format Version 12.00
# Visual Studio Version 16
VisualStudioVersion = 16.0.31911.196
MinimumVisualStudioVersion = 10.0.40219.1
Project("{FAE04EC0-301F-11D3-BF4B-00C04F79EFBC}") = "Overhaul Of Apocalyptica", "Overhaul Of Apocalyptica\Overhaul Of Apocalyptica.csproj", "{74E7BD4A-918A-4991-BF4E-07A7BE43347F}"
EndProject
Global
	GlobalSection(SolutionConfigurationPlatforms) = preSolution
		Debug|Any CPU = Debug|Any CPU
		Release|Any CPU = Release|Any CPU
	EndGlobalSection
	GlobalSection(ProjectConfigurationPlatforms) = postSolution
		{74E7BD4A-918A-4991-BF4E-07A7BE43347F}.Debug|Any CPU.ActiveCfg = Debug|Any CPU
		{74E7BD4A-918A-4991-BF4E-07A7BE43347F}.Debug|Any CPU.Build.0 = Debug|Any CPU
		{74E7BD4A-918A-4991-BF4E-07A7BE43347F}.Release|Any CPU.ActiveCfg = Release|Any CPU
		{74E7BD4A-918A-4991-BF4E-07A7BE43347F}.Release|Any CPU.Build.0 = Release|Any CPU
	EndGlobalSection
	GlobalSection(SolutionProperties) = preSolution
		HideSolutionNode = FALSE
	EndGlobalSection
	GlobalSection(ExtensibilityGlobals) = postSolution
		SolutionGuid = {FC798DCD-ED4F-4A46-8E6E-463F279FC8E8}
	EndGlobalSection
EndGlobal
